// !$*UTF8*$!
{
	archiveVersion = 1;
	classes = {
	};
	objectVersion = 46;
	objects = {

/* Begin PBXBuildFile section */
		9A2FD81F1C4648010082DB68 /* AppDelegate.swift in Sources */ = {isa = PBXBuildFile; fileRef = 9A2FD81E1C4648010082DB68 /* AppDelegate.swift */; };
		9A2FD8211C4648010082DB68 /* DotingParentViewController.swift in Sources */ = {isa = PBXBuildFile; fileRef = 9A2FD8201C4648010082DB68 /* DotingParentViewController.swift */; };
		9A2FD8241C4648010082DB68 /* Main.storyboard in Resources */ = {isa = PBXBuildFile; fileRef = 9A2FD8221C4648010082DB68 /* Main.storyboard */; };
		9A2FD8271C4648010082DB68 /* DotingParent.xcdatamodeld in Sources */ = {isa = PBXBuildFile; fileRef = 9A2FD8251C4648010082DB68 /* DotingParent.xcdatamodeld */; };
		9A2FD8291C4648010082DB68 /* Assets.xcassets in Resources */ = {isa = PBXBuildFile; fileRef = 9A2FD8281C4648010082DB68 /* Assets.xcassets */; };
		9A2FD82C1C4648010082DB68 /* LaunchScreen.storyboard in Resources */ = {isa = PBXBuildFile; fileRef = 9A2FD82A1C4648010082DB68 /* LaunchScreen.storyboard */; };
		9A2FD8341C4651FB0082DB68 /* NewNoteViewController.swift in Sources */ = {isa = PBXBuildFile; fileRef = 9A2FD8331C4651FB0082DB68 /* NewNoteViewController.swift */; };
		9A2FD8361C4784A40082DB68 /* Settings.bundle in Resources */ = {isa = PBXBuildFile; fileRef = 9A2FD8351C4784A40082DB68 /* Settings.bundle */; };
		9A2FD8381C47927E0082DB68 /* ServerUtility.swift in Sources */ = {isa = PBXBuildFile; fileRef = 9A2FD8371C47927E0082DB68 /* ServerUtility.swift */; };
		9ADB225F1C4BC93E0079C592 /* SVIndefiniteAnimatedView.m in Sources */ = {isa = PBXBuildFile; fileRef = 9ADB22581C4BC93E0079C592 /* SVIndefiniteAnimatedView.m */; };
		9ADB22601C4BC93E0079C592 /* SVProgressHUD.bundle in Resources */ = {isa = PBXBuildFile; fileRef = 9ADB225A1C4BC93E0079C592 /* SVProgressHUD.bundle */; };
		9ADB22611C4BC93E0079C592 /* SVProgressHUD.m in Sources */ = {isa = PBXBuildFile; fileRef = 9ADB225C1C4BC93E0079C592 /* SVProgressHUD.m */; };
		9ADB22621C4BC93E0079C592 /* SVRadialGradientLayer.m in Sources */ = {isa = PBXBuildFile; fileRef = 9ADB225E1C4BC93E0079C592 /* SVRadialGradientLayer.m */; };
		9ADB22651C4F63410079C592 /* DetailNoteViewController.swift in Sources */ = {isa = PBXBuildFile; fileRef = 9ADB22641C4F63410079C592 /* DetailNoteViewController.swift */; };
/* End PBXBuildFile section */

/* Begin PBXFileReference section */
		9A2FD81B1C4648000082DB68 /* DotingParent.app */ = {isa = PBXFileReference; explicitFileType = wrapper.application; includeInIndex = 0; path = DotingParent.app; sourceTree = BUILT_PRODUCTS_DIR; };
		9A2FD81E1C4648010082DB68 /* AppDelegate.swift */ = {isa = PBXFileReference; lastKnownFileType = sourcecode.swift; path = AppDelegate.swift; sourceTree = "<group>"; };
		9A2FD8201C4648010082DB68 /* DotingParentViewController.swift */ = {isa = PBXFileReference; lastKnownFileType = sourcecode.swift; path = DotingParentViewController.swift; sourceTree = "<group>"; };
		9A2FD8231C4648010082DB68 /* Base */ = {isa = PBXFileReference; lastKnownFileType = file.storyboard; name = Base; path = Base.lproj/Main.storyboard; sourceTree = "<group>"; };
		9A2FD8261C4648010082DB68 /* DotingParent.xcdatamodel */ = {isa = PBXFileReference; lastKnownFileType = wrapper.xcdatamodel; path = DotingParent.xcdatamodel; sourceTree = "<group>"; };
		9A2FD8281C4648010082DB68 /* Assets.xcassets */ = {isa = PBXFileReference; lastKnownFileType = folder.assetcatalog; path = Assets.xcassets; sourceTree = "<group>"; };
		9A2FD82B1C4648010082DB68 /* Base */ = {isa = PBXFileReference; lastKnownFileType = file.storyboard; name = Base; path = Base.lproj/LaunchScreen.storyboard; sourceTree = "<group>"; };
		9A2FD82D1C4648010082DB68 /* Info.plist */ = {isa = PBXFileReference; lastKnownFileType = text.plist.xml; path = Info.plist; sourceTree = "<group>"; };
		9A2FD8331C4651FB0082DB68 /* NewNoteViewController.swift */ = {isa = PBXFileReference; fileEncoding = 4; lastKnownFileType = sourcecode.swift; path = NewNoteViewController.swift; sourceTree = "<group>"; };
		9A2FD8351C4784A40082DB68 /* Settings.bundle */ = {isa = PBXFileReference; lastKnownFileType = "wrapper.plug-in"; path = Settings.bundle; sourceTree = "<group>"; };
		9A2FD8371C47927E0082DB68 /* ServerUtility.swift */ = {isa = PBXFileReference; fileEncoding = 4; lastKnownFileType = sourcecode.swift; path = ServerUtility.swift; sourceTree = "<group>"; };
		9ADB22571C4BC93E0079C592 /* SVIndefiniteAnimatedView.h */ = {isa = PBXFileReference; fileEncoding = 4; lastKnownFileType = sourcecode.c.h; path = SVIndefiniteAnimatedView.h; sourceTree = "<group>"; };
		9ADB22581C4BC93E0079C592 /* SVIndefiniteAnimatedView.m */ = {isa = PBXFileReference; fileEncoding = 4; lastKnownFileType = sourcecode.c.objc; path = SVIndefiniteAnimatedView.m; sourceTree = "<group>"; };
		9ADB22591C4BC93E0079C592 /* SVProgressHUD-Prefix.pch */ = {isa = PBXFileReference; fileEncoding = 4; lastKnownFileType = sourcecode.c.h; path = "SVProgressHUD-Prefix.pch"; sourceTree = "<group>"; };
		9ADB225A1C4BC93E0079C592 /* SVProgressHUD.bundle */ = {isa = PBXFileReference; lastKnownFileType = "wrapper.plug-in"; path = SVProgressHUD.bundle; sourceTree = "<group>"; };
		9ADB225B1C4BC93E0079C592 /* SVProgressHUD.h */ = {isa = PBXFileReference; fileEncoding = 4; lastKnownFileType = sourcecode.c.h; path = SVProgressHUD.h; sourceTree = "<group>"; };
		9ADB225C1C4BC93E0079C592 /* SVProgressHUD.m */ = {isa = PBXFileReference; fileEncoding = 4; lastKnownFileType = sourcecode.c.objc; path = SVProgressHUD.m; sourceTree = "<group>"; };
		9ADB225D1C4BC93E0079C592 /* SVRadialGradientLayer.h */ = {isa = PBXFileReference; fileEncoding = 4; lastKnownFileType = sourcecode.c.h; path = SVRadialGradientLayer.h; sourceTree = "<group>"; };
		9ADB225E1C4BC93E0079C592 /* SVRadialGradientLayer.m */ = {isa = PBXFileReference; fileEncoding = 4; lastKnownFileType = sourcecode.c.objc; path = SVRadialGradientLayer.m; sourceTree = "<group>"; };
		9ADB22631C4BC9C70079C592 /* DotingParent-Bridging-Header.h */ = {isa = PBXFileReference; lastKnownFileType = sourcecode.c.h; path = "DotingParent-Bridging-Header.h"; sourceTree = "<group>"; };
		9ADB22641C4F63410079C592 /* DetailNoteViewController.swift */ = {isa = PBXFileReference; fileEncoding = 4; lastKnownFileType = sourcecode.swift; path = DetailNoteViewController.swift; sourceTree = "<group>"; };
/* End PBXFileReference section */

/* Begin PBXFrameworksBuildPhase section */
		9A2FD8181C4648000082DB68 /* Frameworks */ = {
			isa = PBXFrameworksBuildPhase;
			buildActionMask = 2147483647;
			files = (
			);
			runOnlyForDeploymentPostprocessing = 0;
		};
/* End PBXFrameworksBuildPhase section */

/* Begin PBXGroup section */
		9A2FD8121C4648000082DB68 = {
			isa = PBXGroup;
			children = (
				9ADB22631C4BC9C70079C592 /* DotingParent-Bridging-Header.h */,
				9A2FD81D1C4648000082DB68 /* DotingParent */,
				9A2FD81C1C4648000082DB68 /* Products */,
			);
			sourceTree = "<group>";
		};
		9A2FD81C1C4648000082DB68 /* Products */ = {
			isa = PBXGroup;
			children = (
				9A2FD81B1C4648000082DB68 /* DotingParent.app */,
			);
			name = Products;
			sourceTree = "<group>";
		};
		9A2FD81D1C4648000082DB68 /* DotingParent */ = {
			isa = PBXGroup;
			children = (
				9ADB22561C4BC93E0079C592 /* SVProgressHUD */,
				9A2FD81E1C4648010082DB68 /* AppDelegate.swift */,
				9A2FD8201C4648010082DB68 /* DotingParentViewController.swift */,
				9A2FD8221C4648010082DB68 /* Main.storyboard */,
				9A2FD8281C4648010082DB68 /* Assets.xcassets */,
				9A2FD82A1C4648010082DB68 /* LaunchScreen.storyboard */,
				9A2FD82D1C4648010082DB68 /* Info.plist */,
				9A2FD8251C4648010082DB68 /* DotingParent.xcdatamodeld */,
				9A2FD8331C4651FB0082DB68 /* NewNoteViewController.swift */,
				9A2FD8351C4784A40082DB68 /* Settings.bundle */,
				9A2FD8371C47927E0082DB68 /* ServerUtility.swift */,
				9ADB22641C4F63410079C592 /* DetailNoteViewController.swift */,
			);
			path = DotingParent;
			sourceTree = "<group>";
		};
		9ADB22561C4BC93E0079C592 /* SVProgressHUD */ = {
			isa = PBXGroup;
			children = (
				9ADB22571C4BC93E0079C592 /* SVIndefiniteAnimatedView.h */,
				9ADB22581C4BC93E0079C592 /* SVIndefiniteAnimatedView.m */,
				9ADB22591C4BC93E0079C592 /* SVProgressHUD-Prefix.pch */,
				9ADB225A1C4BC93E0079C592 /* SVProgressHUD.bundle */,
				9ADB225B1C4BC93E0079C592 /* SVProgressHUD.h */,
				9ADB225C1C4BC93E0079C592 /* SVProgressHUD.m */,
				9ADB225D1C4BC93E0079C592 /* SVRadialGradientLayer.h */,
				9ADB225E1C4BC93E0079C592 /* SVRadialGradientLayer.m */,
			);
			path = SVProgressHUD;
			sourceTree = "<group>";
		};
/* End PBXGroup section */

/* Begin PBXNativeTarget section */
		9A2FD81A1C4648000082DB68 /* DotingParent */ = {
			isa = PBXNativeTarget;
			buildConfigurationList = 9A2FD8301C4648010082DB68 /* Build configuration list for PBXNativeTarget "DotingParent" */;
			buildPhases = (
				9A2FD8171C4648000082DB68 /* Sources */,
				9A2FD8181C4648000082DB68 /* Frameworks */,
				9A2FD8191C4648000082DB68 /* Resources */,
			);
			buildRules = (
			);
			dependencies = (
			);
			name = DotingParent;
			productName = DotingParent;
			productReference = 9A2FD81B1C4648000082DB68 /* DotingParent.app */;
			productType = "com.apple.product-type.application";
		};
/* End PBXNativeTarget section */

/* Begin PBXProject section */
		9A2FD8131C4648000082DB68 /* Project object */ = {
			isa = PBXProject;
			attributes = {
				LastSwiftUpdateCheck = 0720;
				LastUpgradeCheck = 0720;
				ORGANIZATIONNAME = noriaki.sakai;
				TargetAttributes = {
					9A2FD81A1C4648000082DB68 = {
						CreatedOnToolsVersion = 7.2;
					};
				};
			};
			buildConfigurationList = 9A2FD8161C4648000082DB68 /* Build configuration list for PBXProject "DotingParent" */;
			compatibilityVersion = "Xcode 3.2";
			developmentRegion = English;
			hasScannedForEncodings = 0;
			knownRegions = (
				en,
				Base,
			);
			mainGroup = 9A2FD8121C4648000082DB68;
			productRefGroup = 9A2FD81C1C4648000082DB68 /* Products */;
			projectDirPath = "";
			projectRoot = "";
			targets = (
				9A2FD81A1C4648000082DB68 /* DotingParent */,
			);
		};
/* End PBXProject section */

/* Begin PBXResourcesBuildPhase section */
		9A2FD8191C4648000082DB68 /* Resources */ = {
			isa = PBXResourcesBuildPhase;
			buildActionMask = 2147483647;
			files = (
				9ADB22601C4BC93E0079C592 /* SVProgressHUD.bundle in Resources */,
				9A2FD8361C4784A40082DB68 /* Settings.bundle in Resources */,
				9A2FD82C1C4648010082DB68 /* LaunchScreen.storyboard in Resources */,
				9A2FD8291C4648010082DB68 /* Assets.xcassets in Resources */,
				9A2FD8241C4648010082DB68 /* Main.storyboard in Resources */,
			);
			runOnlyForDeploymentPostprocessing = 0;
		};
/* End PBXResourcesBuildPhase section */

/* Begin PBXSourcesBuildPhase section */
		9A2FD8171C4648000082DB68 /* Sources */ = {
			isa = PBXSourcesBuildPhase;
			buildActionMask = 2147483647;
			files = (
				9A2FD8271C4648010082DB68 /* DotingParent.xcdatamodeld in Sources */,
				9A2FD8381C47927E0082DB68 /* ServerUtility.swift in Sources */,
				9ADB22651C4F63410079C592 /* DetailNoteViewController.swift in Sources */,
				9A2FD8341C4651FB0082DB68 /* NewNoteViewController.swift in Sources */,
				9ADB22621C4BC93E0079C592 /* SVRadialGradientLayer.m in Sources */,
				9ADB22611C4BC93E0079C592 /* SVProgressHUD.m in Sources */,
				9A2FD8211C4648010082DB68 /* DotingParentViewController.swift in Sources */,
				9A2FD81F1C4648010082DB68 /* AppDelegate.swift in Sources */,
				9ADB225F1C4BC93E0079C592 /* SVIndefiniteAnimatedView.m in Sources */,
			);
			runOnlyForDeploymentPostprocessing = 0;
		};
/* End PBXSourcesBuildPhase section */

/* Begin PBXVariantGroup section */
		9A2FD8221C4648010082DB68 /* Main.storyboard */ = {
			isa = PBXVariantGroup;
			children = (
				9A2FD8231C4648010082DB68 /* Base */,
			);
			name = Main.storyboard;
			sourceTree = "<group>";
		};
		9A2FD82A1C4648010082DB68 /* LaunchScreen.storyboard */ = {
			isa = PBXVariantGroup;
			children = (
				9A2FD82B1C4648010082DB68 /* Base */,
			);
			name = LaunchScreen.storyboard;
			sourceTree = "<group>";
		};
/* End PBXVariantGroup section */

/* Begin XCBuildConfiguration section */
		9A2FD82E1C4648010082DB68 /* Debug */ = {
			isa = XCBuildConfiguration;
			buildSettings = {
				ALWAYS_SEARCH_USER_PATHS = NO;
				CLANG_CXX_LANGUAGE_STANDARD = "gnu++0x";
				CLANG_CXX_LIBRARY = "libc++";
				CLANG_ENABLE_MODULES = YES;
				CLANG_ENABLE_OBJC_ARC = YES;
				CLANG_WARN_BOOL_CONVERSION = YES;
				CLANG_WARN_CONSTANT_CONVERSION = YES;
				CLANG_WARN_DIRECT_OBJC_ISA_USAGE = YES_ERROR;
				CLANG_WARN_EMPTY_BODY = YES;
				CLANG_WARN_ENUM_CONVERSION = YES;
				CLANG_WARN_INT_CONVERSION = YES;
				CLANG_WARN_OBJC_ROOT_CLASS = YES_ERROR;
				CLANG_WARN_UNREACHABLE_CODE = YES;
				CLANG_WARN__DUPLICATE_METHOD_MATCH = YES;
				"CODE_SIGN_IDENTITY[sdk=iphoneos*]" = "iPhone Developer";
				COPY_PHASE_STRIP = NO;
				DEBUG_INFORMATION_FORMAT = dwarf;
				ENABLE_STRICT_OBJC_MSGSEND = YES;
				ENABLE_TESTABILITY = YES;
				GCC_C_LANGUAGE_STANDARD = gnu99;
				GCC_DYNAMIC_NO_PIC = NO;
				GCC_NO_COMMON_BLOCKS = YES;
				GCC_OPTIMIZATION_LEVEL = 0;
				GCC_PREPROCESSOR_DEFINITIONS = (
					"DEBUG=1",
					"$(inherited)",
				);
				GCC_WARN_64_TO_32_BIT_CONVERSION = YES;
				GCC_WARN_ABOUT_RETURN_TYPE = YES_ERROR;
				GCC_WARN_UNDECLARED_SELECTOR = YES;
				GCC_WARN_UNINITIALIZED_AUTOS = YES_AGGRESSIVE;
				GCC_WARN_UNUSED_FUNCTION = YES;
				GCC_WARN_UNUSED_VARIABLE = YES;
				IPHONEOS_DEPLOYMENT_TARGET = 9.2;
				MTL_ENABLE_DEBUG_INFO = YES;
				ONLY_ACTIVE_ARCH = YES;
				SDKROOT = iphoneos;
				SWIFT_OPTIMIZATION_LEVEL = "-Onone";
			};
			name = Debug;
		};
		9A2FD82F1C4648010082DB68 /* Release */ = {
			isa = XCBuildConfiguration;
			buildSettings = {
				ALWAYS_SEARCH_USER_PATHS = NO;
				CLANG_CXX_LANGUAGE_STANDARD = "gnu++0x";
				CLANG_CXX_LIBRARY = "libc++";
				CLANG_ENABLE_MODULES = YES;
				CLANG_ENABLE_OBJC_ARC = YES;
				CLANG_WARN_BOOL_CONVERSION = YES;
				CLANG_WARN_CONSTANT_CONVERSION = YES;
				CLANG_WARN_DIRECT_OBJC_ISA_USAGE = YES_ERROR;
				CLANG_WARN_EMPTY_BODY = YES;
				CLANG_WARN_ENUM_CONVERSION = YES;
				CLANG_WARN_INT_CONVERSION = YES;
				CLANG_WARN_OBJC_ROOT_CLASS = YES_ERROR;
				CLANG_WARN_UNREACHABLE_CODE = YES;
				CLANG_WARN__DUPLICATE_METHOD_MATCH = YES;
				"CODE_SIGN_IDENTITY[sdk=iphoneos*]" = "iPhone Developer";
				COPY_PHASE_STRIP = NO;
				DEBUG_INFORMATION_FORMAT = "dwarf-with-dsym";
				ENABLE_NS_ASSERTIONS = NO;
				ENABLE_STRICT_OBJC_MSGSEND = YES;
				GCC_C_LANGUAGE_STANDARD = gnu99;
				GCC_NO_COMMON_BLOCKS = YES;
				GCC_WARN_64_TO_32_BIT_CONVERSION = YES;
				GCC_WARN_ABOUT_RETURN_TYPE = YES_ERROR;
				GCC_WARN_UNDECLARED_SELECTOR = YES;
				GCC_WARN_UNINITIALIZED_AUTOS = YES_AGGRESSIVE;
				GCC_WARN_UNUSED_FUNCTION = YES;
				GCC_WARN_UNUSED_VARIABLE = YES;
				IPHONEOS_DEPLOYMENT_TARGET = 9.2;
				MTL_ENABLE_DEBUG_INFO = NO;
				SDKROOT = iphoneos;
				VALIDATE_PRODUCT = YES;
			};
			name = Release;
		};
		9A2FD8311C4648010082DB68 /* Debug */ = {
			isa = XCBuildConfiguration;
			buildSettings = {
				ASSETCATALOG_COMPILER_APPICON_NAME = AppIcon;
				INFOPLIST_FILE = DotingParent/Info.plist;
				LD_RUNPATH_SEARCH_PATHS = "$(inherited) @executable_path/Frameworks";
				PRODUCT_BUNDLE_IDENTIFIER = jp.techacademy.DotingParent;
				PRODUCT_NAME = "$(TARGET_NAME)";
				SWIFT_OBJC_BRIDGING_HEADER = "DotingParent-Bridging-Header.h";
			};
			name = Debug;
		};
		9A2FD8321C4648010082DB68 /* Release */ = {
			isa = XCBuildConfiguration;
			buildSettings = {
				ASSETCATALOG_COMPILER_APPICON_NAME = AppIcon;
				INFOPLIST_FILE = DotingParent/Info.plist;
				LD_RUNPATH_SEARCH_PATHS = "$(inherited) @executable_path/Frameworks";
				PRODUCT_BUNDLE_IDENTIFIER = jp.techacademy.DotingParent;
				PRODUCT_NAME = "$(TARGET_NAME)";
				SWIFT_OBJC_BRIDGING_HEADER = "DotingParent-Bridging-Header.h";
			};
			name = Release;
		};
/* End XCBuildConfiguration section */

/* Begin XCConfigurationList section */
		9A2FD8161C4648000082DB68 /* Build configuration list for PBXProject "DotingParent" */ = {
			isa = XCConfigurationList;
			buildConfigurations = (
				9A2FD82E1C4648010082DB68 /* Debug */,
				9A2FD82F1C4648010082DB68 /* Release */,
			);
			defaultConfigurationIsVisible = 0;
			defaultConfigurationName = Release;
		};
		9A2FD8301C4648010082DB68 /* Build configuration list for PBXNativeTarget "DotingParent" */ = {
			isa = XCConfigurationList;
			buildConfigurations = (
				9A2FD8311C4648010082DB68 /* Debug */,
				9A2FD8321C4648010082DB68 /* Release */,
			);
			defaultConfigurationIsVisible = 0;
			defaultConfigurationName = Release;
		};
/* End XCConfigurationList section */

/* Begin XCVersionGroup section */
		9A2FD8251C4648010082DB68 /* DotingParent.xcdatamodeld */ = {
			isa = XCVersionGroup;
			children = (
				9A2FD8261C4648010082DB68 /* DotingParent.xcdatamodel */,
			);
			currentVersion = 9A2FD8261C4648010082DB68 /* DotingParent.xcdatamodel */;
			path = DotingParent.xcdatamodeld;
			sourceTree = "<group>";
			versionGroupType = wrapper.xcdatamodel;
		};
/* End XCVersionGroup section */
	};
	rootObject = 9A2FD8131C4648000082DB68 /* Project object */;
}
